// !$*UTF8*$!
{
	archiveVersion = 1;
	classes = {
	};
	objectVersion = 77;
	objects = {

/* Begin PBXBuildFile section */
		49F894012CD273F40036DC1E /* Preview Assets.xcassets in Resources */ = {isa = PBXBuildFile; fileRef = 49F893F62CD273F40036DC1E /* Preview Assets.xcassets */; };
		49F894022CD273F40036DC1E /* Assets.xcassets in Resources */ = {isa = PBXBuildFile; fileRef = 49F893F82CD273F40036DC1E /* Assets.xcassets */; };
		49F894042CD273F40036DC1E /* MowerApp.swift in Sources */ = {isa = PBXBuildFile; fileRef = 49F893FB2CD273F40036DC1E /* MowerApp.swift */; };
		49F894062CD273F40036DC1E /* MowerRepo.swift in Sources */ = {isa = PBXBuildFile; fileRef = 49F893FD2CD273F40036DC1E /* MowerRepo.swift */; };
		49F894072CD273F40036DC1E /* MowerView.swift in Sources */ = {isa = PBXBuildFile; fileRef = 49F893FE2CD273F40036DC1E /* MowerView.swift */; };
		49F894082CD273F40036DC1E /* MowerVM.swift in Sources */ = {isa = PBXBuildFile; fileRef = 49F893FF2CD273F40036DC1E /* MowerVM.swift */; };
		49F8940B2CD39A380036DC1E /* MowerInteractor.swift in Sources */ = {isa = PBXBuildFile; fileRef = 49F8940A2CD39A380036DC1E /* MowerInteractor.swift */; };
		49F8940F2CD4116A0036DC1E /* MowerIntent.swift in Sources */ = {isa = PBXBuildFile; fileRef = 49F8940E2CD4116A0036DC1E /* MowerIntent.swift */; };
		49F8944A2CD431C80036DC1E /* IntentsUI.framework in Frameworks */ = {isa = PBXBuildFile; fileRef = 49F894472CD431C80036DC1E /* IntentsUI.framework */; };
		49F8944B2CD431C80036DC1E /* AppIntents.framework in Frameworks */ = {isa = PBXBuildFile; fileRef = 49F894482CD431C80036DC1E /* AppIntents.framework */; };
		49F8944C2CD431C80036DC1E /* Intents.framework in Frameworks */ = {isa = PBXBuildFile; fileRef = 49F894492CD431C80036DC1E /* Intents.framework */; };
		49F8944E2CD452170036DC1E /* Screenshot 2024-11-01 at 00.56.50.png in Resources */ = {isa = PBXBuildFile; fileRef = 49F8944D2CD452160036DC1E /* Screenshot 2024-11-01 at 00.56.50.png */; };
		49F894502CD467500036DC1E /* README.md in Resources */ = {isa = PBXBuildFile; fileRef = 49F8944F2CD467500036DC1E /* README.md */; };
/* End PBXBuildFile section */

/* Begin PBXContainerItemProxy section */
		49F893CE2CD220650036DC1E /* PBXContainerItemProxy */ = {
			isa = PBXContainerItemProxy;
			containerPortal = 49F893B42CD220640036DC1E /* Project object */;
			proxyType = 1;
			remoteGlobalIDString = 49F893BB2CD220640036DC1E;
			remoteInfo = Mower;
		};
		49F893D82CD220650036DC1E /* PBXContainerItemProxy */ = {
			isa = PBXContainerItemProxy;
			containerPortal = 49F893B42CD220640036DC1E /* Project object */;
			proxyType = 1;
			remoteGlobalIDString = 49F893BB2CD220640036DC1E;
			remoteInfo = Mower;
		};
/* End PBXContainerItemProxy section */

/* Begin PBXFileReference section */
		49F893BC2CD220640036DC1E /* Mower.app */ = {isa = PBXFileReference; explicitFileType = wrapper.application; includeInIndex = 0; path = Mower.app; sourceTree = BUILT_PRODUCTS_DIR; };
		49F893CD2CD220650036DC1E /* MowerTests.xctest */ = {isa = PBXFileReference; explicitFileType = wrapper.cfbundle; includeInIndex = 0; path = MowerTests.xctest; sourceTree = BUILT_PRODUCTS_DIR; };
		49F893D72CD220650036DC1E /* MowerUITests.xctest */ = {isa = PBXFileReference; explicitFileType = wrapper.cfbundle; includeInIndex = 0; path = MowerUITests.xctest; sourceTree = BUILT_PRODUCTS_DIR; };
		49F893F62CD273F40036DC1E /* Preview Assets.xcassets */ = {isa = PBXFileReference; lastKnownFileType = folder.assetcatalog; path = "Preview Assets.xcassets"; sourceTree = "<group>"; };
		49F893F82CD273F40036DC1E /* Assets.xcassets */ = {isa = PBXFileReference; lastKnownFileType = folder.assetcatalog; path = Assets.xcassets; sourceTree = "<group>"; };
		49F893FA2CD273F40036DC1E /* Mower.entitlements */ = {isa = PBXFileReference; lastKnownFileType = text.plist.entitlements; path = Mower.entitlements; sourceTree = "<group>"; };
		49F893FB2CD273F40036DC1E /* MowerApp.swift */ = {isa = PBXFileReference; lastKnownFileType = sourcecode.swift; path = MowerApp.swift; sourceTree = "<group>"; };
		49F893FD2CD273F40036DC1E /* MowerRepo.swift */ = {isa = PBXFileReference; lastKnownFileType = sourcecode.swift; path = MowerRepo.swift; sourceTree = "<group>"; };
		49F893FE2CD273F40036DC1E /* MowerView.swift */ = {isa = PBXFileReference; lastKnownFileType = sourcecode.swift; path = MowerView.swift; sourceTree = "<group>"; };
		49F893FF2CD273F40036DC1E /* MowerVM.swift */ = {isa = PBXFileReference; lastKnownFileType = sourcecode.swift; path = MowerVM.swift; sourceTree = "<group>"; };
		49F894092CD2765B0036DC1E /* Info.plist */ = {isa = PBXFileReference; lastKnownFileType = text.plist; path = Info.plist; sourceTree = "<group>"; };
		49F8940A2CD39A380036DC1E /* MowerInteractor.swift */ = {isa = PBXFileReference; lastKnownFileType = sourcecode.swift; path = MowerInteractor.swift; sourceTree = "<group>"; };
		49F8940E2CD4116A0036DC1E /* MowerIntent.swift */ = {isa = PBXFileReference; lastKnownFileType = sourcecode.swift; path = MowerIntent.swift; sourceTree = "<group>"; };
		49F894472CD431C80036DC1E /* IntentsUI.framework */ = {isa = PBXFileReference; lastKnownFileType = wrapper.framework; name = IntentsUI.framework; path = Platforms/iPhoneOS.platform/Developer/SDKs/iPhoneOS18.0.sdk/System/Library/Frameworks/IntentsUI.framework; sourceTree = DEVELOPER_DIR; };
		49F894482CD431C80036DC1E /* AppIntents.framework */ = {isa = PBXFileReference; lastKnownFileType = wrapper.framework; name = AppIntents.framework; path = Platforms/iPhoneOS.platform/Developer/SDKs/iPhoneOS18.0.sdk/System/Library/Frameworks/AppIntents.framework; sourceTree = DEVELOPER_DIR; };
		49F894492CD431C80036DC1E /* Intents.framework */ = {isa = PBXFileReference; lastKnownFileType = wrapper.framework; name = Intents.framework; path = Platforms/iPhoneOS.platform/Developer/SDKs/iPhoneOS18.0.sdk/System/Library/Frameworks/Intents.framework; sourceTree = DEVELOPER_DIR; };
		49F8944D2CD452160036DC1E /* Screenshot 2024-11-01 at 00.56.50.png */ = {isa = PBXFileReference; lastKnownFileType = image.png; path = "Screenshot 2024-11-01 at 00.56.50.png"; sourceTree = "<group>"; };
		49F8944F2CD467500036DC1E /* README.md */ = {isa = PBXFileReference; lastKnownFileType = net.daringfireball.markdown; path = README.md; sourceTree = "<group>"; };
/* End PBXFileReference section */

/* Begin PBXFileSystemSynchronizedRootGroup section */
		49F893D02CD220650036DC1E /* MowerTests */ = {
			isa = PBXFileSystemSynchronizedRootGroup;
			path = MowerTests;
			sourceTree = "<group>";
		};
		49F893DA2CD220650036DC1E /* MowerUITests */ = {
			isa = PBXFileSystemSynchronizedRootGroup;
			path = MowerUITests;
			sourceTree = "<group>";
		};
/* End PBXFileSystemSynchronizedRootGroup section */

/* Begin PBXFrameworksBuildPhase section */
		49F893B92CD220640036DC1E /* Frameworks */ = {
			isa = PBXFrameworksBuildPhase;
			buildActionMask = 2147483647;
			files = (
				49F8944A2CD431C80036DC1E /* IntentsUI.framework in Frameworks */,
				49F8944B2CD431C80036DC1E /* AppIntents.framework in Frameworks */,
				49F8944C2CD431C80036DC1E /* Intents.framework in Frameworks */,
			);
			runOnlyForDeploymentPostprocessing = 0;
		};
		49F893CA2CD220650036DC1E /* Frameworks */ = {
			isa = PBXFrameworksBuildPhase;
			buildActionMask = 2147483647;
			files = (
			);
			runOnlyForDeploymentPostprocessing = 0;
		};
		49F893D42CD220650036DC1E /* Frameworks */ = {
			isa = PBXFrameworksBuildPhase;
			buildActionMask = 2147483647;
			files = (
			);
			runOnlyForDeploymentPostprocessing = 0;
		};
/* End PBXFrameworksBuildPhase section */

/* Begin PBXGroup section */
		49F893B32CD220640036DC1E = {
			isa = PBXGroup;
			children = (
				49F894002CD273F40036DC1E /* Mower */,
				49F893D02CD220650036DC1E /* MowerTests */,
				49F893DA2CD220650036DC1E /* MowerUITests */,
				49F894462CD431C80036DC1E /* Frameworks */,
				49F893BD2CD220640036DC1E /* Products */,
			);
			sourceTree = "<group>";
		};
		49F893BD2CD220640036DC1E /* Products */ = {
			isa = PBXGroup;
			children = (
				49F893BC2CD220640036DC1E /* Mower.app */,
				49F893CD2CD220650036DC1E /* MowerTests.xctest */,
				49F893D72CD220650036DC1E /* MowerUITests.xctest */,
			);
			name = Products;
			sourceTree = "<group>";
		};
		49F893F72CD273F40036DC1E /* Preview Content */ = {
			isa = PBXGroup;
			children = (
				49F893F62CD273F40036DC1E /* Preview Assets.xcassets */,
			);
			path = "Preview Content";
			sourceTree = "<group>";
		};
		49F894002CD273F40036DC1E /* Mower */ = {
			isa = PBXGroup;
			children = (
				49F8944F2CD467500036DC1E /* README.md */,
				49F894092CD2765B0036DC1E /* Info.plist */,
				49F893FB2CD273F40036DC1E /* MowerApp.swift */,
				49F893FE2CD273F40036DC1E /* MowerView.swift */,
				49F893FF2CD273F40036DC1E /* MowerVM.swift */,
				49F893FD2CD273F40036DC1E /* MowerRepo.swift */,
				49F8940A2CD39A380036DC1E /* MowerInteractor.swift */,
				49F8940E2CD4116A0036DC1E /* MowerIntent.swift */,
				49F893F72CD273F40036DC1E /* Preview Content */,
				49F893F82CD273F40036DC1E /* Assets.xcassets */,
				49F893FA2CD273F40036DC1E /* Mower.entitlements */,
				49F8944D2CD452160036DC1E /* Screenshot 2024-11-01 at 00.56.50.png */,
			);
			path = Mower;
			sourceTree = "<group>";
		};
		49F894462CD431C80036DC1E /* Frameworks */ = {
			isa = PBXGroup;
			children = (
				49F894482CD431C80036DC1E /* AppIntents.framework */,
				49F894492CD431C80036DC1E /* Intents.framework */,
				49F894472CD431C80036DC1E /* IntentsUI.framework */,
			);
			name = Frameworks;
			sourceTree = "<group>";
		};
/* End PBXGroup section */

/* Begin PBXNativeTarget section */
		49F893BB2CD220640036DC1E /* Mower */ = {
			isa = PBXNativeTarget;
			buildConfigurationList = 49F893E12CD220650036DC1E /* Build configuration list for PBXNativeTarget "Mower" */;
			buildPhases = (
				49F893B82CD220640036DC1E /* Sources */,
				49F893B92CD220640036DC1E /* Frameworks */,
				49F893BA2CD220640036DC1E /* Resources */,
			);
			buildRules = (
			);
			dependencies = (
			);
			name = Mower;
			packageProductDependencies = (
			);
			productName = Mower;
			productReference = 49F893BC2CD220640036DC1E /* Mower.app */;
			productType = "com.apple.product-type.application";
		};
		49F893CC2CD220650036DC1E /* MowerTests */ = {
			isa = PBXNativeTarget;
			buildConfigurationList = 49F893E42CD220650036DC1E /* Build configuration list for PBXNativeTarget "MowerTests" */;
			buildPhases = (
				49F893C92CD220650036DC1E /* Sources */,
				49F893CA2CD220650036DC1E /* Frameworks */,
				49F893CB2CD220650036DC1E /* Resources */,
			);
			buildRules = (
			);
			dependencies = (
				49F893CF2CD220650036DC1E /* PBXTargetDependency */,
			);
			fileSystemSynchronizedGroups = (
				49F893D02CD220650036DC1E /* MowerTests */,
			);
			name = MowerTests;
			packageProductDependencies = (
			);
			productName = MowerTests;
			productReference = 49F893CD2CD220650036DC1E /* MowerTests.xctest */;
			productType = "com.apple.product-type.bundle.unit-test";
		};
		49F893D62CD220650036DC1E /* MowerUITests */ = {
			isa = PBXNativeTarget;
			buildConfigurationList = 49F893E72CD220650036DC1E /* Build configuration list for PBXNativeTarget "MowerUITests" */;
			buildPhases = (
				49F893D32CD220650036DC1E /* Sources */,
				49F893D42CD220650036DC1E /* Frameworks */,
				49F893D52CD220650036DC1E /* Resources */,
			);
			buildRules = (
			);
			dependencies = (
				49F893D92CD220650036DC1E /* PBXTargetDependency */,
			);
			fileSystemSynchronizedGroups = (
				49F893DA2CD220650036DC1E /* MowerUITests */,
			);
			name = MowerUITests;
			packageProductDependencies = (
			);
			productName = MowerUITests;
			productReference = 49F893D72CD220650036DC1E /* MowerUITests.xctest */;
			productType = "com.apple.product-type.bundle.ui-testing";
		};
/* End PBXNativeTarget section */

/* Begin PBXProject section */
		49F893B42CD220640036DC1E /* Project object */ = {
			isa = PBXProject;
			attributes = {
				BuildIndependentTargetsInParallel = 1;
				LastSwiftUpdateCheck = 1600;
				LastUpgradeCheck = 1600;
				TargetAttributes = {
					49F893BB2CD220640036DC1E = {
						CreatedOnToolsVersion = 16.0;
					};
					49F893CC2CD220650036DC1E = {
						CreatedOnToolsVersion = 16.0;
						TestTargetID = 49F893BB2CD220640036DC1E;
					};
					49F893D62CD220650036DC1E = {
						CreatedOnToolsVersion = 16.0;
						TestTargetID = 49F893BB2CD220640036DC1E;
					};
				};
			};
			buildConfigurationList = 49F893B72CD220640036DC1E /* Build configuration list for PBXProject "Mower" */;
			developmentRegion = en;
			hasScannedForEncodings = 0;
			knownRegions = (
				en,
				Base,
			);
			mainGroup = 49F893B32CD220640036DC1E;
			minimizedProjectReferenceProxies = 1;
			preferredProjectObjectVersion = 77;
			productRefGroup = 49F893BD2CD220640036DC1E /* Products */;
			projectDirPath = "";
			projectRoot = "";
			targets = (
				49F893BB2CD220640036DC1E /* Mower */,
				49F893CC2CD220650036DC1E /* MowerTests */,
				49F893D62CD220650036DC1E /* MowerUITests */,
			);
		};
/* End PBXProject section */

/* Begin PBXResourcesBuildPhase section */
		49F893BA2CD220640036DC1E /* Resources */ = {
			isa = PBXResourcesBuildPhase;
			buildActionMask = 2147483647;
			files = (
				49F894012CD273F40036DC1E /* Preview Assets.xcassets in Resources */,
				49F894022CD273F40036DC1E /* Assets.xcassets in Resources */,
				49F894502CD467500036DC1E /* README.md in Resources */,
				49F8944E2CD452170036DC1E /* Screenshot 2024-11-01 at 00.56.50.png in Resources */,
			);
			runOnlyForDeploymentPostprocessing = 0;
		};
		49F893CB2CD220650036DC1E /* Resources */ = {
			isa = PBXResourcesBuildPhase;
			buildActionMask = 2147483647;
			files = (
			);
			runOnlyForDeploymentPostprocessing = 0;
		};
		49F893D52CD220650036DC1E /* Resources */ = {
			isa = PBXResourcesBuildPhase;
			buildActionMask = 2147483647;
			files = (
			);
			runOnlyForDeploymentPostprocessing = 0;
		};
/* End PBXResourcesBuildPhase section */

/* Begin PBXSourcesBuildPhase section */
		49F893B82CD220640036DC1E /* Sources */ = {
			isa = PBXSourcesBuildPhase;
			buildActionMask = 2147483647;
			files = (
				49F894042CD273F40036DC1E /* MowerApp.swift in Sources */,
				49F8940B2CD39A380036DC1E /* MowerInteractor.swift in Sources */,
				49F894062CD273F40036DC1E /* MowerRepo.swift in Sources */,
				49F8940F2CD4116A0036DC1E /* MowerIntent.swift in Sources */,
				49F894072CD273F40036DC1E /* MowerView.swift in Sources */,
				49F894082CD273F40036DC1E /* MowerVM.swift in Sources */,
			);
			runOnlyForDeploymentPostprocessing = 0;
		};
		49F893C92CD220650036DC1E /* Sources */ = {
			isa = PBXSourcesBuildPhase;
			buildActionMask = 2147483647;
			files = (
			);
			runOnlyForDeploymentPostprocessing = 0;
		};
		49F893D32CD220650036DC1E /* Sources */ = {
			isa = PBXSourcesBuildPhase;
			buildActionMask = 2147483647;
			files = (
			);
			runOnlyForDeploymentPostprocessing = 0;
		};
/* End PBXSourcesBuildPhase section */

/* Begin PBXTargetDependency section */
		49F893CF2CD220650036DC1E /* PBXTargetDependency */ = {
			isa = PBXTargetDependency;
			target = 49F893BB2CD220640036DC1E /* Mower */;
			targetProxy = 49F893CE2CD220650036DC1E /* PBXContainerItemProxy */;
		};
		49F893D92CD220650036DC1E /* PBXTargetDependency */ = {
			isa = PBXTargetDependency;
			target = 49F893BB2CD220640036DC1E /* Mower */;
			targetProxy = 49F893D82CD220650036DC1E /* PBXContainerItemProxy */;
		};
/* End PBXTargetDependency section */

/* Begin XCBuildConfiguration section */
		49F893DF2CD220650036DC1E /* Debug */ = {
			isa = XCBuildConfiguration;
			buildSettings = {
				ALWAYS_SEARCH_USER_PATHS = NO;
				ASSETCATALOG_COMPILER_GENERATE_SWIFT_ASSET_SYMBOL_EXTENSIONS = YES;
				CLANG_ANALYZER_NONNULL = YES;
				CLANG_ANALYZER_NUMBER_OBJECT_CONVERSION = YES_AGGRESSIVE;
				CLANG_CXX_LANGUAGE_STANDARD = "gnu++20";
				CLANG_ENABLE_MODULES = YES;
				CLANG_ENABLE_OBJC_ARC = YES;
				CLANG_ENABLE_OBJC_WEAK = YES;
				CLANG_WARN_BLOCK_CAPTURE_AUTORELEASING = YES;
				CLANG_WARN_BOOL_CONVERSION = YES;
				CLANG_WARN_COMMA = YES;
				CLANG_WARN_CONSTANT_CONVERSION = YES;
				CLANG_WARN_DEPRECATED_OBJC_IMPLEMENTATIONS = YES;
				CLANG_WARN_DIRECT_OBJC_ISA_USAGE = YES_ERROR;
				CLANG_WARN_DOCUMENTATION_COMMENTS = YES;
				CLANG_WARN_EMPTY_BODY = YES;
				CLANG_WARN_ENUM_CONVERSION = YES;
				CLANG_WARN_INFINITE_RECURSION = YES;
				CLANG_WARN_INT_CONVERSION = YES;
				CLANG_WARN_NON_LITERAL_NULL_CONVERSION = YES;
				CLANG_WARN_OBJC_IMPLICIT_RETAIN_SELF = YES;
				CLANG_WARN_OBJC_LITERAL_CONVERSION = YES;
				CLANG_WARN_OBJC_ROOT_CLASS = YES_ERROR;
				CLANG_WARN_QUOTED_INCLUDE_IN_FRAMEWORK_HEADER = YES;
				CLANG_WARN_RANGE_LOOP_ANALYSIS = YES;
				CLANG_WARN_STRICT_PROTOTYPES = YES;
				CLANG_WARN_SUSPICIOUS_MOVE = YES;
				CLANG_WARN_UNGUARDED_AVAILABILITY = YES_AGGRESSIVE;
				CLANG_WARN_UNREACHABLE_CODE = YES;
				CLANG_WARN__DUPLICATE_METHOD_MATCH = YES;
				COPY_PHASE_STRIP = NO;
				DEBUG_INFORMATION_FORMAT = dwarf;
				ENABLE_STRICT_OBJC_MSGSEND = YES;
				ENABLE_TESTABILITY = YES;
				ENABLE_USER_SCRIPT_SANDBOXING = YES;
				GCC_C_LANGUAGE_STANDARD = gnu17;
				GCC_DYNAMIC_NO_PIC = NO;
				GCC_NO_COMMON_BLOCKS = YES;
				GCC_OPTIMIZATION_LEVEL = 0;
				GCC_PREPROCESSOR_DEFINITIONS = (
					"DEBUG=1",
					"$(inherited)",
				);
				GCC_WARN_64_TO_32_BIT_CONVERSION = YES;
				GCC_WARN_ABOUT_RETURN_TYPE = YES_ERROR;
				GCC_WARN_UNDECLARED_SELECTOR = YES;
				GCC_WARN_UNINITIALIZED_AUTOS = YES_AGGRESSIVE;
				GCC_WARN_UNUSED_FUNCTION = YES;
				GCC_WARN_UNUSED_VARIABLE = YES;
				LOCALIZATION_PREFERS_STRING_CATALOGS = YES;
				MTL_ENABLE_DEBUG_INFO = INCLUDE_SOURCE;
				MTL_FAST_MATH = YES;
				ONLY_ACTIVE_ARCH = YES;
				SWIFT_ACTIVE_COMPILATION_CONDITIONS = "DEBUG $(inherited)";
				SWIFT_OPTIMIZATION_LEVEL = "-Onone";
			};
			name = Debug;
		};
		49F893E02CD220650036DC1E /* Release */ = {
			isa = XCBuildConfiguration;
			buildSettings = {
				ALWAYS_SEARCH_USER_PATHS = NO;
				ASSETCATALOG_COMPILER_GENERATE_SWIFT_ASSET_SYMBOL_EXTENSIONS = YES;
				CLANG_ANALYZER_NONNULL = YES;
				CLANG_ANALYZER_NUMBER_OBJECT_CONVERSION = YES_AGGRESSIVE;
				CLANG_CXX_LANGUAGE_STANDARD = "gnu++20";
				CLANG_ENABLE_MODULES = YES;
				CLANG_ENABLE_OBJC_ARC = YES;
				CLANG_ENABLE_OBJC_WEAK = YES;
				CLANG_WARN_BLOCK_CAPTURE_AUTORELEASING = YES;
				CLANG_WARN_BOOL_CONVERSION = YES;
				CLANG_WARN_COMMA = YES;
				CLANG_WARN_CONSTANT_CONVERSION = YES;
				CLANG_WARN_DEPRECATED_OBJC_IMPLEMENTATIONS = YES;
				CLANG_WARN_DIRECT_OBJC_ISA_USAGE = YES_ERROR;
				CLANG_WARN_DOCUMENTATION_COMMENTS = YES;
				CLANG_WARN_EMPTY_BODY = YES;
				CLANG_WARN_ENUM_CONVERSION = YES;
				CLANG_WARN_INFINITE_RECURSION = YES;
				CLANG_WARN_INT_CONVERSION = YES;
				CLANG_WARN_NON_LITERAL_NULL_CONVERSION = YES;
				CLANG_WARN_OBJC_IMPLICIT_RETAIN_SELF = YES;
				CLANG_WARN_OBJC_LITERAL_CONVERSION = YES;
				CLANG_WARN_OBJC_ROOT_CLASS = YES_ERROR;
				CLANG_WARN_QUOTED_INCLUDE_IN_FRAMEWORK_HEADER = YES;
				CLANG_WARN_RANGE_LOOP_ANALYSIS = YES;
				CLANG_WARN_STRICT_PROTOTYPES = YES;
				CLANG_WARN_SUSPICIOUS_MOVE = YES;
				CLANG_WARN_UNGUARDED_AVAILABILITY = YES_AGGRESSIVE;
				CLANG_WARN_UNREACHABLE_CODE = YES;
				CLANG_WARN__DUPLICATE_METHOD_MATCH = YES;
				COPY_PHASE_STRIP = NO;
				DEBUG_INFORMATION_FORMAT = "dwarf-with-dsym";
				ENABLE_NS_ASSERTIONS = NO;
				ENABLE_STRICT_OBJC_MSGSEND = YES;
				ENABLE_USER_SCRIPT_SANDBOXING = YES;
				GCC_C_LANGUAGE_STANDARD = gnu17;
				GCC_NO_COMMON_BLOCKS = YES;
				GCC_WARN_64_TO_32_BIT_CONVERSION = YES;
				GCC_WARN_ABOUT_RETURN_TYPE = YES_ERROR;
				GCC_WARN_UNDECLARED_SELECTOR = YES;
				GCC_WARN_UNINITIALIZED_AUTOS = YES_AGGRESSIVE;
				GCC_WARN_UNUSED_FUNCTION = YES;
				GCC_WARN_UNUSED_VARIABLE = YES;
				LOCALIZATION_PREFERS_STRING_CATALOGS = YES;
				MTL_ENABLE_DEBUG_INFO = NO;
				MTL_FAST_MATH = YES;
				SWIFT_COMPILATION_MODE = wholemodule;
			};
			name = Release;
		};
		49F893E22CD220650036DC1E /* Debug */ = {
			isa = XCBuildConfiguration;
			buildSettings = {
				ASSETCATALOG_COMPILER_APPICON_NAME = AppIcon;
				ASSETCATALOG_COMPILER_GLOBAL_ACCENT_COLOR_NAME = AccentColor;
				CODE_SIGN_ENTITLEMENTS = Mower/Mower.entitlements;
				CODE_SIGN_STYLE = Automatic;
				CURRENT_PROJECT_VERSION = 1;
				DEVELOPMENT_ASSET_PATHS = "\"Mower/Preview Content\"";
				DEVELOPMENT_TEAM = 43UNBQF5Z9;
				ENABLE_HARDENED_RUNTIME = YES;
				ENABLE_PREVIEWS = YES;
				GENERATE_INFOPLIST_FILE = YES;
				INFOPLIST_FILE = Mower/Info.plist;
				INFOPLIST_KEY_NSBluetoothAlwaysUsageDescription = "Connect to Mowar";
				INFOPLIST_KEY_NSBluetoothPeripheralUsageDescription = "Connect to Mowar";
				"INFOPLIST_KEY_UIApplicationSceneManifest_Generation[sdk=iphoneos*]" = YES;
				"INFOPLIST_KEY_UIApplicationSceneManifest_Generation[sdk=iphonesimulator*]" = YES;
				"INFOPLIST_KEY_UIApplicationSupportsIndirectInputEvents[sdk=iphoneos*]" = YES;
				"INFOPLIST_KEY_UIApplicationSupportsIndirectInputEvents[sdk=iphonesimulator*]" = YES;
				"INFOPLIST_KEY_UILaunchScreen_Generation[sdk=iphoneos*]" = YES;
				"INFOPLIST_KEY_UILaunchScreen_Generation[sdk=iphonesimulator*]" = YES;
				"INFOPLIST_KEY_UIStatusBarStyle[sdk=iphoneos*]" = UIStatusBarStyleDefault;
				"INFOPLIST_KEY_UIStatusBarStyle[sdk=iphonesimulator*]" = UIStatusBarStyleDefault;
				INFOPLIST_KEY_UISupportedInterfaceOrientations_iPad = "UIInterfaceOrientationPortrait UIInterfaceOrientationPortraitUpsideDown UIInterfaceOrientationLandscapeLeft UIInterfaceOrientationLandscapeRight";
				INFOPLIST_KEY_UISupportedInterfaceOrientations_iPhone = "UIInterfaceOrientationPortrait UIInterfaceOrientationLandscapeLeft UIInterfaceOrientationLandscapeRight";
				IPHONEOS_DEPLOYMENT_TARGET = 18.0;
				LD_RUNPATH_SEARCH_PATHS = "@executable_path/Frameworks";
				"LD_RUNPATH_SEARCH_PATHS[sdk=macosx*]" = "@executable_path/../Frameworks";
				MACOSX_DEPLOYMENT_TARGET = 15.0;
				MARKETING_VERSION = 1.0;
				PRODUCT_BUNDLE_IDENTIFIER = Mower.Mower;
				PRODUCT_NAME = "$(TARGET_NAME)";
				SDKROOT = auto;
				SUPPORTED_PLATFORMS = "iphoneos iphonesimulator macosx xros xrsimulator";
				SWIFT_EMIT_LOC_STRINGS = YES;
				SWIFT_VERSION = 5.0;
				TARGETED_DEVICE_FAMILY = "1,2,7";
				XROS_DEPLOYMENT_TARGET = 2.0;
			};
			name = Debug;
		};
		49F893E32CD220650036DC1E /* Release */ = {
			isa = XCBuildConfiguration;
			buildSettings = {
				ASSETCATALOG_COMPILER_APPICON_NAME = AppIcon;
				ASSETCATALOG_COMPILER_GLOBAL_ACCENT_COLOR_NAME = AccentColor;
				CODE_SIGN_ENTITLEMENTS = Mower/Mower.entitlements;
				CODE_SIGN_STYLE = Automatic;
				CURRENT_PROJECT_VERSION = 1;
				DEVELOPMENT_ASSET_PATHS = "\"Mower/Preview Content\"";
				DEVELOPMENT_TEAM = 43UNBQF5Z9;
				ENABLE_HARDENED_RUNTIME = YES;
				ENABLE_PREVIEWS = YES;
				GENERATE_INFOPLIST_FILE = YES;
				INFOPLIST_FILE = Mower/Info.plist;
				INFOPLIST_KEY_NSBluetoothAlwaysUsageDescription = "Connect to Mowar";
				INFOPLIST_KEY_NSBluetoothPeripheralUsageDescription = "Connect to Mowar";
				"INFOPLIST_KEY_UIApplicationSceneManifest_Generation[sdk=iphoneos*]" = YES;
				"INFOPLIST_KEY_UIApplicationSceneManifest_Generation[sdk=iphonesimulator*]" = YES;
				"INFOPLIST_KEY_UIApplicationSupportsIndirectInputEvents[sdk=iphoneos*]" = YES;
				"INFOPLIST_KEY_UIApplicationSupportsIndirectInputEvents[sdk=iphonesimulator*]" = YES;
				"INFOPLIST_KEY_UILaunchScreen_Generation[sdk=iphoneos*]" = YES;
				"INFOPLIST_KEY_UILaunchScreen_Generation[sdk=iphonesimulator*]" = YES;
				"INFOPLIST_KEY_UIStatusBarStyle[sdk=iphoneos*]" = UIStatusBarStyleDefault;
				"INFOPLIST_KEY_UIStatusBarStyle[sdk=iphonesimulator*]" = UIStatusBarStyleDefault;
				INFOPLIST_KEY_UISupportedInterfaceOrientations_iPad = "UIInterfaceOrientationPortrait UIInterfaceOrientationPortraitUpsideDown UIInterfaceOrientationLandscapeLeft UIInterfaceOrientationLandscapeRight";
				INFOPLIST_KEY_UISupportedInterfaceOrientations_iPhone = "UIInterfaceOrientationPortrait UIInterfaceOrientationLandscapeLeft UIInterfaceOrientationLandscapeRight";
				IPHONEOS_DEPLOYMENT_TARGET = 18.0;
				LD_RUNPATH_SEARCH_PATHS = "@executable_path/Frameworks";
				"LD_RUNPATH_SEARCH_PATHS[sdk=macosx*]" = "@executable_path/../Frameworks";
				MACOSX_DEPLOYMENT_TARGET = 15.0;
				MARKETING_VERSION = 1.0;
				PRODUCT_BUNDLE_IDENTIFIER = Mower.Mower;
				PRODUCT_NAME = "$(TARGET_NAME)";
				SDKROOT = auto;
				SUPPORTED_PLATFORMS = "iphoneos iphonesimulator macosx xros xrsimulator";
				SWIFT_EMIT_LOC_STRINGS = YES;
				SWIFT_VERSION = 5.0;
				TARGETED_DEVICE_FAMILY = "1,2,7";
				XROS_DEPLOYMENT_TARGET = 2.0;
			};
			name = Release;
		};
		49F893E52CD220650036DC1E /* Debug */ = {
			isa = XCBuildConfiguration;
			buildSettings = {
				BUNDLE_LOADER = "$(TEST_HOST)";
				CODE_SIGN_STYLE = Automatic;
				CURRENT_PROJECT_VERSION = 1;
				DEVELOPMENT_TEAM = 43UNBQF5Z9;
				GENERATE_INFOPLIST_FILE = YES;
				IPHONEOS_DEPLOYMENT_TARGET = 18.0;
				MACOSX_DEPLOYMENT_TARGET = 15.0;
				MARKETING_VERSION = 1.0;
				PRODUCT_BUNDLE_IDENTIFIER = Mower.MowerTests;
				PRODUCT_NAME = "$(TARGET_NAME)";
				SDKROOT = auto;
				SUPPORTED_PLATFORMS = "iphoneos iphonesimulator macosx xros xrsimulator";
				SWIFT_EMIT_LOC_STRINGS = NO;
				SWIFT_VERSION = 5.0;
				TARGETED_DEVICE_FAMILY = "1,2,7";
				TEST_HOST = "$(BUILT_PRODUCTS_DIR)/Mower.app/$(BUNDLE_EXECUTABLE_FOLDER_PATH)/Mower";
				XROS_DEPLOYMENT_TARGET = 2.0;
			};
			name = Debug;
		};
		49F893E62CD220650036DC1E /* Release */ = {
			isa = XCBuildConfiguration;
			buildSettings = {
				BUNDLE_LOADER = "$(TEST_HOST)";
				CODE_SIGN_STYLE = Automatic;
				CURRENT_PROJECT_VERSION = 1;
				DEVELOPMENT_TEAM = 43UNBQF5Z9;
				GENERATE_INFOPLIST_FILE = YES;
				IPHONEOS_DEPLOYMENT_TARGET = 18.0;
				MACOSX_DEPLOYMENT_TARGET = 15.0;
				MARKETING_VERSION = 1.0;
				PRODUCT_BUNDLE_IDENTIFIER = Mower.MowerTests;
				PRODUCT_NAME = "$(TARGET_NAME)";
				SDKROOT = auto;
				SUPPORTED_PLATFORMS = "iphoneos iphonesimulator macosx xros xrsimulator";
				SWIFT_EMIT_LOC_STRINGS = NO;
				SWIFT_VERSION = 5.0;
				TARGETED_DEVICE_FAMILY = "1,2,7";
				TEST_HOST = "$(BUILT_PRODUCTS_DIR)/Mower.app/$(BUNDLE_EXECUTABLE_FOLDER_PATH)/Mower";
				XROS_DEPLOYMENT_TARGET = 2.0;
			};
			name = Release;
		};
		49F893E82CD220650036DC1E /* Debug */ = {
			isa = XCBuildConfiguration;
			buildSettings = {
				CODE_SIGN_STYLE = Automatic;
				CURRENT_PROJECT_VERSION = 1;
				DEVELOPMENT_TEAM = 43UNBQF5Z9;
				GENERATE_INFOPLIST_FILE = YES;
				IPHONEOS_DEPLOYMENT_TARGET = 18.0;
				MACOSX_DEPLOYMENT_TARGET = 15.0;
				MARKETING_VERSION = 1.0;
				PRODUCT_BUNDLE_IDENTIFIER = Mower.MowerUITests;
				PRODUCT_NAME = "$(TARGET_NAME)";
				SDKROOT = auto;
				SUPPORTED_PLATFORMS = "iphoneos iphonesimulator macosx xros xrsimulator";
				SWIFT_EMIT_LOC_STRINGS = NO;
				SWIFT_VERSION = 5.0;
				TARGETED_DEVICE_FAMILY = "1,2,7";
				TEST_TARGET_NAME = Mower;
				XROS_DEPLOYMENT_TARGET = 2.0;
			};
			name = Debug;
		};
		49F893E92CD220650036DC1E /* Release */ = {
			isa = XCBuildConfiguration;
			buildSettings = {
				CODE_SIGN_STYLE = Automatic;
				CURRENT_PROJECT_VERSION = 1;
				DEVELOPMENT_TEAM = 43UNBQF5Z9;
				GENERATE_INFOPLIST_FILE = YES;
				IPHONEOS_DEPLOYMENT_TARGET = 18.0;
				MACOSX_DEPLOYMENT_TARGET = 15.0;
				MARKETING_VERSION = 1.0;
				PRODUCT_BUNDLE_IDENTIFIER = Mower.MowerUITests;
				PRODUCT_NAME = "$(TARGET_NAME)";
				SDKROOT = auto;
				SUPPORTED_PLATFORMS = "iphoneos iphonesimulator macosx xros xrsimulator";
				SWIFT_EMIT_LOC_STRINGS = NO;
				SWIFT_VERSION = 5.0;
				TARGETED_DEVICE_FAMILY = "1,2,7";
				TEST_TARGET_NAME = Mower;
				XROS_DEPLOYMENT_TARGET = 2.0;
			};
			name = Release;
		};
/* End XCBuildConfiguration section */

/* Begin XCConfigurationList section */
		49F893B72CD220640036DC1E /* Build configuration list for PBXProject "Mower" */ = {
			isa = XCConfigurationList;
			buildConfigurations = (
				49F893DF2CD220650036DC1E /* Debug */,
				49F893E02CD220650036DC1E /* Release */,
			);
			defaultConfigurationIsVisible = 0;
			defaultConfigurationName = Release;
		};
		49F893E12CD220650036DC1E /* Build configuration list for PBXNativeTarget "Mower" */ = {
			isa = XCConfigurationList;
			buildConfigurations = (
				49F893E22CD220650036DC1E /* Debug */,
				49F893E32CD220650036DC1E /* Release */,
			);
			defaultConfigurationIsVisible = 0;
			defaultConfigurationName = Release;
		};
		49F893E42CD220650036DC1E /* Build configuration list for PBXNativeTarget "MowerTests" */ = {
			isa = XCConfigurationList;
			buildConfigurations = (
				49F893E52CD220650036DC1E /* Debug */,
				49F893E62CD220650036DC1E /* Release */,
			);
			defaultConfigurationIsVisible = 0;
			defaultConfigurationName = Release;
		};
		49F893E72CD220650036DC1E /* Build configuration list for PBXNativeTarget "MowerUITests" */ = {
			isa = XCConfigurationList;
			buildConfigurations = (
				49F893E82CD220650036DC1E /* Debug */,
				49F893E92CD220650036DC1E /* Release */,
			);
			defaultConfigurationIsVisible = 0;
			defaultConfigurationName = Release;
		};
/* End XCConfigurationList section */
	};
	rootObject = 49F893B42CD220640036DC1E /* Project object */;
}
